// !$*UTF8*$!
{
	archiveVersion = 1;
	classes = {
	};
	objectVersion = 56;
	objects = {

/* Begin PBXBuildFile section */
		080E8C272A59FCF800B23580 /* main.swift in Sources */ = {isa = PBXBuildFile; fileRef = 080E8C262A59FCF800B23580 /* main.swift */; };
		080E8C332A5A163700B23580 /* Production.swift in Sources */ = {isa = PBXBuildFile; fileRef = 080E8C322A5A163700B23580 /* Production.swift */; };
		080E8C352A5A16FD00B23580 /* Symbol.swift in Sources */ = {isa = PBXBuildFile; fileRef = 080E8C342A5A16FD00B23580 /* Symbol.swift */; };
		084E6C012A66EA3600CE506B /* Convenience.swift in Sources */ = {isa = PBXBuildFile; fileRef = 084E6C002A66EA3600CE506B /* Convenience.swift */; };
		0873E5B52A6361A100E532E7 /* Token Hashable.swift in Sources */ = {isa = PBXBuildFile; fileRef = 0873E5B42A6361A100E532E7 /* Token Hashable.swift */; };
		0873E5B82A6366AB00E532E7 /* SwiftLibrary.swift in Sources */ = {isa = PBXBuildFile; fileRef = 0873E5B72A6366AB00E532E7 /* SwiftLibrary.swift */; };
		0873E5BC2A636D0000E532E7 /* SwiftGenerator.swift in Sources */ = {isa = PBXBuildFile; fileRef = 0873E5BB2A636D0000E532E7 /* SwiftGenerator.swift */; };
		0873E5BE2A6372E500E532E7 /* SLRParser.swift in Sources */ = {isa = PBXBuildFile; fileRef = 0873E5BD2A6372E500E532E7 /* SLRParser.swift */; };
		0873E5C02A63736600E532E7 /* SLRParserFields.swift in Sources */ = {isa = PBXBuildFile; fileRef = 0873E5BF2A63736600E532E7 /* SLRParserFields.swift */; };
		0873E5C22A6373CB00E532E7 /* Types.swift in Sources */ = {isa = PBXBuildFile; fileRef = 0873E5C12A6373CB00E532E7 /* Types.swift */; };
		0873E5C42A63751D00E532E7 /* SLRParserFunctions.swift in Sources */ = {isa = PBXBuildFile; fileRef = 0873E5C32A63751D00E532E7 /* SLRParserFunctions.swift */; };
		08C19D6E2A69B8BF007549FA /* Lexer.swift in Sources */ = {isa = PBXBuildFile; fileRef = 08C19D6D2A69B8BF007549FA /* Lexer.swift */; };
		08EAE4EB2A61C6A700985AC3 /* SLRAutomaton.swift in Sources */ = {isa = PBXBuildFile; fileRef = 08EAE4EA2A61C6A700985AC3 /* SLRAutomaton.swift */; };
		08EAE4ED2A61C7CD00985AC3 /* SLRAutomatonState.swift in Sources */ = {isa = PBXBuildFile; fileRef = 08EAE4EC2A61C7CD00985AC3 /* SLRAutomatonState.swift */; };
		08EAE4EF2A61CB5100985AC3 /* Hash Conformance.swift in Sources */ = {isa = PBXBuildFile; fileRef = 08EAE4EE2A61CB5100985AC3 /* Hash Conformance.swift */; };
		08EAE4F12A61DF1600985AC3 /* Grammar.swift in Sources */ = {isa = PBXBuildFile; fileRef = 08EAE4F02A61DF1600985AC3 /* Grammar.swift */; };
		08EAE4F32A61ECA800985AC3 /* SLRAutomatonTransition.swift in Sources */ = {isa = PBXBuildFile; fileRef = 08EAE4F22A61ECA800985AC3 /* SLRAutomatonTransition.swift */; };
		08EAE4F52A62BA0300985AC3 /* Print functions.swift in Sources */ = {isa = PBXBuildFile; fileRef = 08EAE4F42A62BA0300985AC3 /* Print functions.swift */; };
		08EAE5072A62D56D00985AC3 /* interpretInput.swift in Sources */ = {isa = PBXBuildFile; fileRef = 08EAE5062A62D56D00985AC3 /* interpretInput.swift */; };
		08EAE50A2A62D59E00985AC3 /* Generator.swift in Sources */ = {isa = PBXBuildFile; fileRef = 08EAE5092A62D59E00985AC3 /* Generator.swift */; };
		08EAE50C2A62DC5C00985AC3 /* SLRError.swift in Sources */ = {isa = PBXBuildFile; fileRef = 08EAE50B2A62DC5C00985AC3 /* SLRError.swift */; };
/* End PBXBuildFile section */

/* Begin PBXCopyFilesBuildPhase section */
		080E8C212A59FCF800B23580 /* CopyFiles */ = {
			isa = PBXCopyFilesBuildPhase;
			buildActionMask = 2147483647;
			dstPath = /usr/share/man/man1/;
			dstSubfolderSpec = 0;
			files = (
			);
			runOnlyForDeploymentPostprocessing = 1;
		};
/* End PBXCopyFilesBuildPhase section */

/* Begin PBXFileReference section */
		080E8C232A59FCF800B23580 /* SwiftSLR */ = {isa = PBXFileReference; explicitFileType = "compiled.mach-o.executable"; includeInIndex = 0; path = SwiftSLR; sourceTree = BUILT_PRODUCTS_DIR; };
		080E8C262A59FCF800B23580 /* main.swift */ = {isa = PBXFileReference; lastKnownFileType = sourcecode.swift; path = main.swift; sourceTree = "<group>"; };
		080E8C322A5A163700B23580 /* Production.swift */ = {isa = PBXFileReference; lastKnownFileType = sourcecode.swift; path = Production.swift; sourceTree = "<group>"; };
		080E8C342A5A16FD00B23580 /* Symbol.swift */ = {isa = PBXFileReference; lastKnownFileType = sourcecode.swift; path = Symbol.swift; sourceTree = "<group>"; };
		084E6C002A66EA3600CE506B /* Convenience.swift */ = {isa = PBXFileReference; lastKnownFileType = sourcecode.swift; path = Convenience.swift; sourceTree = "<group>"; };
		0873E5B42A6361A100E532E7 /* Token Hashable.swift */ = {isa = PBXFileReference; lastKnownFileType = sourcecode.swift; path = "Token Hashable.swift"; sourceTree = "<group>"; };
		0873E5B72A6366AB00E532E7 /* SwiftLibrary.swift */ = {isa = PBXFileReference; lastKnownFileType = sourcecode.swift; path = SwiftLibrary.swift; sourceTree = "<group>"; };
		0873E5BB2A636D0000E532E7 /* SwiftGenerator.swift */ = {isa = PBXFileReference; lastKnownFileType = sourcecode.swift; path = SwiftGenerator.swift; sourceTree = "<group>"; };
		0873E5BD2A6372E500E532E7 /* SLRParser.swift */ = {isa = PBXFileReference; lastKnownFileType = sourcecode.swift; path = SLRParser.swift; sourceTree = "<group>"; };
		0873E5BF2A63736600E532E7 /* SLRParserFields.swift */ = {isa = PBXFileReference; lastKnownFileType = sourcecode.swift; path = SLRParserFields.swift; sourceTree = "<group>"; };
		0873E5C12A6373CB00E532E7 /* Types.swift */ = {isa = PBXFileReference; lastKnownFileType = sourcecode.swift; path = Types.swift; sourceTree = "<group>"; };
		0873E5C32A63751D00E532E7 /* SLRParserFunctions.swift */ = {isa = PBXFileReference; lastKnownFileType = sourcecode.swift; path = SLRParserFunctions.swift; sourceTree = "<group>"; };
		08C19D662A69B00E007549FA /* Semantic Actions.md */ = {isa = PBXFileReference; lastKnownFileType = net.daringfireball.markdown; path = "Semantic Actions.md"; sourceTree = "<group>"; };
		08C19D6D2A69B8BF007549FA /* Lexer.swift */ = {isa = PBXFileReference; fileEncoding = 4; lastKnownFileType = sourcecode.swift; path = Lexer.swift; sourceTree = "<group>"; };
		08DED8F72A687EA300951F01 /* README.md */ = {isa = PBXFileReference; lastKnownFileType = net.daringfireball.markdown; path = README.md; sourceTree = "<group>"; };
		08EAE4EA2A61C6A700985AC3 /* SLRAutomaton.swift */ = {isa = PBXFileReference; lastKnownFileType = sourcecode.swift; path = SLRAutomaton.swift; sourceTree = "<group>"; };
		08EAE4EC2A61C7CD00985AC3 /* SLRAutomatonState.swift */ = {isa = PBXFileReference; lastKnownFileType = sourcecode.swift; path = SLRAutomatonState.swift; sourceTree = "<group>"; };
		08EAE4EE2A61CB5100985AC3 /* Hash Conformance.swift */ = {isa = PBXFileReference; lastKnownFileType = sourcecode.swift; path = "Hash Conformance.swift"; sourceTree = "<group>"; };
		08EAE4F02A61DF1600985AC3 /* Grammar.swift */ = {isa = PBXFileReference; lastKnownFileType = sourcecode.swift; path = Grammar.swift; sourceTree = "<group>"; };
		08EAE4F22A61ECA800985AC3 /* SLRAutomatonTransition.swift */ = {isa = PBXFileReference; lastKnownFileType = sourcecode.swift; path = SLRAutomatonTransition.swift; sourceTree = "<group>"; };
		08EAE4F42A62BA0300985AC3 /* Print functions.swift */ = {isa = PBXFileReference; lastKnownFileType = sourcecode.swift; path = "Print functions.swift"; sourceTree = "<group>"; };
		08EAE5062A62D56D00985AC3 /* interpretInput.swift */ = {isa = PBXFileReference; lastKnownFileType = sourcecode.swift; path = interpretInput.swift; sourceTree = "<group>"; };
		08EAE5092A62D59E00985AC3 /* Generator.swift */ = {isa = PBXFileReference; lastKnownFileType = sourcecode.swift; path = Generator.swift; sourceTree = "<group>"; };
		08EAE50B2A62DC5C00985AC3 /* SLRError.swift */ = {isa = PBXFileReference; lastKnownFileType = sourcecode.swift; path = SLRError.swift; sourceTree = "<group>"; };
/* End PBXFileReference section */

/* Begin PBXFrameworksBuildPhase section */
		080E8C202A59FCF800B23580 /* Frameworks */ = {
			isa = PBXFrameworksBuildPhase;
			buildActionMask = 2147483647;
			files = (
			);
			runOnlyForDeploymentPostprocessing = 0;
		};
/* End PBXFrameworksBuildPhase section */

/* Begin PBXGroup section */
		080E8C1A2A59FCF800B23580 = {
			isa = PBXGroup;
			children = (
				08DED8F72A687EA300951F01 /* README.md */,
				080E8C252A59FCF800B23580 /* SwiftSLR */,
				080E8C242A59FCF800B23580 /* Products */,
			);
			sourceTree = "<group>";
		};
		080E8C242A59FCF800B23580 /* Products */ = {
			isa = PBXGroup;
			children = (
				080E8C232A59FCF800B23580 /* SwiftSLR */,
			);
			name = Products;
			sourceTree = "<group>";
		};
		080E8C252A59FCF800B23580 /* SwiftSLR */ = {
			isa = PBXGroup;
			children = (
				080E8C262A59FCF800B23580 /* main.swift */,
				08C19D662A69B00E007549FA /* Semantic Actions.md */,
				08EAE50B2A62DC5C00985AC3 /* SLRError.swift */,
				084E6C002A66EA3600CE506B /* Convenience.swift */,
				08EAE5082A62D59900985AC3 /* Generator */,
				08EAE5052A62D51800985AC3 /* User Input Interpretation */,
				08EAE4E82A61C69400985AC3 /* Production */,
				08EAE4E92A61C69C00985AC3 /* SLRAutomaton */,
			);
			path = SwiftSLR;
			sourceTree = "<group>";
		};
		08EAE4E82A61C69400985AC3 /* Production */ = {
			isa = PBXGroup;
			children = (
				08EAE4F02A61DF1600985AC3 /* Grammar.swift */,
				080E8C322A5A163700B23580 /* Production.swift */,
				080E8C342A5A16FD00B23580 /* Symbol.swift */,
			);
			path = Production;
			sourceTree = "<group>";
		};
		08EAE4E92A61C69C00985AC3 /* SLRAutomaton */ = {
			isa = PBXGroup;
			children = (
				08EAE4EA2A61C6A700985AC3 /* SLRAutomaton.swift */,
				08EAE4EC2A61C7CD00985AC3 /* SLRAutomatonState.swift */,
				08EAE4F22A61ECA800985AC3 /* SLRAutomatonTransition.swift */,
				08EAE4F42A62BA0300985AC3 /* Print functions.swift */,
				08EAE4EE2A61CB5100985AC3 /* Hash Conformance.swift */,
			);
			path = SLRAutomaton;
			sourceTree = "<group>";
		};
		08EAE5052A62D51800985AC3 /* User Input Interpretation */ = {
			isa = PBXGroup;
			children = (
				08EAE5062A62D56D00985AC3 /* interpretInput.swift */,
				08C19D6D2A69B8BF007549FA /* Lexer.swift */,
				0873E5B42A6361A100E532E7 /* Token Hashable.swift */,
			);
			path = "User Input Interpretation";
			sourceTree = "<group>";
		};
		08EAE5082A62D59900985AC3 /* Generator */ = {
			isa = PBXGroup;
			children = (
				08EAE5092A62D59E00985AC3 /* Generator.swift */,
				0873E5B72A6366AB00E532E7 /* SwiftLibrary.swift */,
				0873E5BB2A636D0000E532E7 /* SwiftGenerator.swift */,
				0873E5BD2A6372E500E532E7 /* SLRParser.swift */,
				0873E5BF2A63736600E532E7 /* SLRParserFields.swift */,
				0873E5C32A63751D00E532E7 /* SLRParserFunctions.swift */,
				0873E5C12A6373CB00E532E7 /* Types.swift */,
			);
			path = Generator;
			sourceTree = "<group>";
		};
/* End PBXGroup section */

/* Begin PBXNativeTarget section */
		080E8C222A59FCF800B23580 /* SwiftSLR */ = {
			isa = PBXNativeTarget;
			buildConfigurationList = 080E8C2A2A59FCF800B23580 /* Build configuration list for PBXNativeTarget "SwiftSLR" */;
			buildPhases = (
				080E8C1F2A59FCF800B23580 /* Sources */,
				080E8C202A59FCF800B23580 /* Frameworks */,
				080E8C212A59FCF800B23580 /* CopyFiles */,
			);
			buildRules = (
			);
			dependencies = (
			);
			name = SwiftSLR;
			productName = SwiftSLR;
			productReference = 080E8C232A59FCF800B23580 /* SwiftSLR */;
			productType = "com.apple.product-type.tool";
		};
/* End PBXNativeTarget section */

/* Begin PBXProject section */
		080E8C1B2A59FCF800B23580 /* Project object */ = {
			isa = PBXProject;
			attributes = {
				BuildIndependentTargetsInParallel = 1;
				LastSwiftUpdateCheck = 1430;
				LastUpgradeCheck = 1430;
				TargetAttributes = {
					080E8C222A59FCF800B23580 = {
						CreatedOnToolsVersion = 14.3.1;
					};
				};
			};
			buildConfigurationList = 080E8C1E2A59FCF800B23580 /* Build configuration list for PBXProject "SwiftSLR" */;
			compatibilityVersion = "Xcode 14.0";
			developmentRegion = en;
			hasScannedForEncodings = 0;
			knownRegions = (
				en,
				Base,
			);
			mainGroup = 080E8C1A2A59FCF800B23580;
			productRefGroup = 080E8C242A59FCF800B23580 /* Products */;
			projectDirPath = "";
			projectRoot = "";
			targets = (
				080E8C222A59FCF800B23580 /* SwiftSLR */,
			);
		};
/* End PBXProject section */

/* Begin PBXSourcesBuildPhase section */
		080E8C1F2A59FCF800B23580 /* Sources */ = {
			isa = PBXSourcesBuildPhase;
			buildActionMask = 2147483647;
			files = (
				080E8C332A5A163700B23580 /* Production.swift in Sources */,
				08C19D6E2A69B8BF007549FA /* Lexer.swift in Sources */,
				08EAE4EB2A61C6A700985AC3 /* SLRAutomaton.swift in Sources */,
				0873E5B52A6361A100E532E7 /* Token Hashable.swift in Sources */,
				0873E5C22A6373CB00E532E7 /* Types.swift in Sources */,
				0873E5BE2A6372E500E532E7 /* SLRParser.swift in Sources */,
				0873E5C42A63751D00E532E7 /* SLRParserFunctions.swift in Sources */,
				08EAE4EF2A61CB5100985AC3 /* Hash Conformance.swift in Sources */,
				080E8C272A59FCF800B23580 /* main.swift in Sources */,
				0873E5C02A63736600E532E7 /* SLRParserFields.swift in Sources */,
				08EAE50C2A62DC5C00985AC3 /* SLRError.swift in Sources */,
				08EAE4ED2A61C7CD00985AC3 /* SLRAutomatonState.swift in Sources */,
				08EAE4F32A61ECA800985AC3 /* SLRAutomatonTransition.swift in Sources */,
				084E6C012A66EA3600CE506B /* Convenience.swift in Sources */,
				0873E5BC2A636D0000E532E7 /* SwiftGenerator.swift in Sources */,
				08EAE4F52A62BA0300985AC3 /* Print functions.swift in Sources */,
				08EAE5072A62D56D00985AC3 /* interpretInput.swift in Sources */,
				0873E5B82A6366AB00E532E7 /* SwiftLibrary.swift in Sources */,
				08EAE50A2A62D59E00985AC3 /* Generator.swift in Sources */,
				080E8C352A5A16FD00B23580 /* Symbol.swift in Sources */,
				08EAE4F12A61DF1600985AC3 /* Grammar.swift in Sources */,
			);
			runOnlyForDeploymentPostprocessing = 0;
		};
/* End PBXSourcesBuildPhase section */

/* Begin XCBuildConfiguration section */
		080E8C282A59FCF800B23580 /* Debug */ = {
			isa = XCBuildConfiguration;
			buildSettings = {
				ALWAYS_SEARCH_USER_PATHS = NO;
				CLANG_ANALYZER_NONNULL = YES;
				CLANG_ANALYZER_NUMBER_OBJECT_CONVERSION = YES_AGGRESSIVE;
				CLANG_CXX_LANGUAGE_STANDARD = "gnu++20";
				CLANG_ENABLE_MODULES = YES;
				CLANG_ENABLE_OBJC_ARC = YES;
				CLANG_ENABLE_OBJC_WEAK = YES;
				CLANG_WARN_BLOCK_CAPTURE_AUTORELEASING = YES;
				CLANG_WARN_BOOL_CONVERSION = YES;
				CLANG_WARN_COMMA = YES;
				CLANG_WARN_CONSTANT_CONVERSION = YES;
				CLANG_WARN_DEPRECATED_OBJC_IMPLEMENTATIONS = YES;
				CLANG_WARN_DIRECT_OBJC_ISA_USAGE = YES_ERROR;
				CLANG_WARN_DOCUMENTATION_COMMENTS = YES;
				CLANG_WARN_EMPTY_BODY = YES;
				CLANG_WARN_ENUM_CONVERSION = YES;
				CLANG_WARN_INFINITE_RECURSION = YES;
				CLANG_WARN_INT_CONVERSION = YES;
				CLANG_WARN_NON_LITERAL_NULL_CONVERSION = YES;
				CLANG_WARN_OBJC_IMPLICIT_RETAIN_SELF = YES;
				CLANG_WARN_OBJC_LITERAL_CONVERSION = YES;
				CLANG_WARN_OBJC_ROOT_CLASS = YES_ERROR;
				CLANG_WARN_QUOTED_INCLUDE_IN_FRAMEWORK_HEADER = YES;
				CLANG_WARN_RANGE_LOOP_ANALYSIS = YES;
				CLANG_WARN_STRICT_PROTOTYPES = YES;
				CLANG_WARN_SUSPICIOUS_MOVE = YES;
				CLANG_WARN_UNGUARDED_AVAILABILITY = YES_AGGRESSIVE;
				CLANG_WARN_UNREACHABLE_CODE = YES;
				CLANG_WARN__DUPLICATE_METHOD_MATCH = YES;
				COPY_PHASE_STRIP = NO;
				DEBUG_INFORMATION_FORMAT = dwarf;
				ENABLE_STRICT_OBJC_MSGSEND = YES;
				ENABLE_TESTABILITY = YES;
				GCC_C_LANGUAGE_STANDARD = gnu11;
				GCC_DYNAMIC_NO_PIC = NO;
				GCC_NO_COMMON_BLOCKS = YES;
				GCC_OPTIMIZATION_LEVEL = 0;
				GCC_PREPROCESSOR_DEFINITIONS = (
					"DEBUG=1",
					"$(inherited)",
				);
				GCC_WARN_64_TO_32_BIT_CONVERSION = YES;
				GCC_WARN_ABOUT_RETURN_TYPE = YES_ERROR;
				GCC_WARN_UNDECLARED_SELECTOR = YES;
				GCC_WARN_UNINITIALIZED_AUTOS = YES_AGGRESSIVE;
				GCC_WARN_UNUSED_FUNCTION = YES;
				GCC_WARN_UNUSED_VARIABLE = YES;
				MACOSX_DEPLOYMENT_TARGET = 13.3;
				MTL_ENABLE_DEBUG_INFO = INCLUDE_SOURCE;
				MTL_FAST_MATH = YES;
				ONLY_ACTIVE_ARCH = YES;
				SDKROOT = macosx;
				SWIFT_ACTIVE_COMPILATION_CONDITIONS = DEBUG;
				SWIFT_OPTIMIZATION_LEVEL = "-Onone";
			};
			name = Debug;
		};
		080E8C292A59FCF800B23580 /* Release */ = {
			isa = XCBuildConfiguration;
			buildSettings = {
				ALWAYS_SEARCH_USER_PATHS = NO;
				CLANG_ANALYZER_NONNULL = YES;
				CLANG_ANALYZER_NUMBER_OBJECT_CONVERSION = YES_AGGRESSIVE;
				CLANG_CXX_LANGUAGE_STANDARD = "gnu++20";
				CLANG_ENABLE_MODULES = YES;
				CLANG_ENABLE_OBJC_ARC = YES;
				CLANG_ENABLE_OBJC_WEAK = YES;
				CLANG_WARN_BLOCK_CAPTURE_AUTORELEASING = YES;
				CLANG_WARN_BOOL_CONVERSION = YES;
				CLANG_WARN_COMMA = YES;
				CLANG_WARN_CONSTANT_CONVERSION = YES;
				CLANG_WARN_DEPRECATED_OBJC_IMPLEMENTATIONS = YES;
				CLANG_WARN_DIRECT_OBJC_ISA_USAGE = YES_ERROR;
				CLANG_WARN_DOCUMENTATION_COMMENTS = YES;
				CLANG_WARN_EMPTY_BODY = YES;
				CLANG_WARN_ENUM_CONVERSION = YES;
				CLANG_WARN_INFINITE_RECURSION = YES;
				CLANG_WARN_INT_CONVERSION = YES;
				CLANG_WARN_NON_LITERAL_NULL_CONVERSION = YES;
				CLANG_WARN_OBJC_IMPLICIT_RETAIN_SELF = YES;
				CLANG_WARN_OBJC_LITERAL_CONVERSION = YES;
				CLANG_WARN_OBJC_ROOT_CLASS = YES_ERROR;
				CLANG_WARN_QUOTED_INCLUDE_IN_FRAMEWORK_HEADER = YES;
				CLANG_WARN_RANGE_LOOP_ANALYSIS = YES;
				CLANG_WARN_STRICT_PROTOTYPES = YES;
				CLANG_WARN_SUSPICIOUS_MOVE = YES;
				CLANG_WARN_UNGUARDED_AVAILABILITY = YES_AGGRESSIVE;
				CLANG_WARN_UNREACHABLE_CODE = YES;
				CLANG_WARN__DUPLICATE_METHOD_MATCH = YES;
				COPY_PHASE_STRIP = NO;
				DEBUG_INFORMATION_FORMAT = "dwarf-with-dsym";
				ENABLE_NS_ASSERTIONS = NO;
				ENABLE_STRICT_OBJC_MSGSEND = YES;
				GCC_C_LANGUAGE_STANDARD = gnu11;
				GCC_NO_COMMON_BLOCKS = YES;
				GCC_WARN_64_TO_32_BIT_CONVERSION = YES;
				GCC_WARN_ABOUT_RETURN_TYPE = YES_ERROR;
				GCC_WARN_UNDECLARED_SELECTOR = YES;
				GCC_WARN_UNINITIALIZED_AUTOS = YES_AGGRESSIVE;
				GCC_WARN_UNUSED_FUNCTION = YES;
				GCC_WARN_UNUSED_VARIABLE = YES;
				MACOSX_DEPLOYMENT_TARGET = 13.3;
				MTL_ENABLE_DEBUG_INFO = NO;
				MTL_FAST_MATH = YES;
				SDKROOT = macosx;
				SWIFT_COMPILATION_MODE = wholemodule;
				SWIFT_OPTIMIZATION_LEVEL = "-O";
			};
			name = Release;
		};
		080E8C2B2A59FCF800B23580 /* Debug */ = {
			isa = XCBuildConfiguration;
			buildSettings = {
				CODE_SIGN_STYLE = Automatic;
				PRODUCT_NAME = "$(TARGET_NAME)";
				SWIFT_OPTIMIZATION_LEVEL = "-Onone";
				SWIFT_VERSION = 5.0;
			};
			name = Debug;
		};
		080E8C2C2A59FCF800B23580 /* Release */ = {
			isa = XCBuildConfiguration;
			buildSettings = {
				CODE_SIGN_STYLE = Automatic;
				PRODUCT_NAME = "$(TARGET_NAME)";
				SWIFT_OPTIMIZATION_LEVEL = "-Onone";
				SWIFT_VERSION = 5.0;
			};
			name = Release;
		};
/* End XCBuildConfiguration section */

/* Begin XCConfigurationList section */
		080E8C1E2A59FCF800B23580 /* Build configuration list for PBXProject "SwiftSLR" */ = {
			isa = XCConfigurationList;
			buildConfigurations = (
				080E8C282A59FCF800B23580 /* Debug */,
				080E8C292A59FCF800B23580 /* Release */,
			);
			defaultConfigurationIsVisible = 0;
			defaultConfigurationName = Release;
		};
		080E8C2A2A59FCF800B23580 /* Build configuration list for PBXNativeTarget "SwiftSLR" */ = {
			isa = XCConfigurationList;
			buildConfigurations = (
				080E8C2B2A59FCF800B23580 /* Debug */,
				080E8C2C2A59FCF800B23580 /* Release */,
			);
			defaultConfigurationIsVisible = 0;
			defaultConfigurationName = Release;
		};
/* End XCConfigurationList section */
	};
	rootObject = 080E8C1B2A59FCF800B23580 /* Project object */;
}
